
Microsoft Visual Studio Solution File, Format Version 12.00
# Visual Studio 15
VisualStudioVersion = 15.0.28307.1000
MinimumVisualStudioVersion = 10.0.40219.1
Project("{FAE04EC0-301F-11D3-BF4B-00C04F79EFBC}") = "ForLoop", "ForLoop\ForLoop.csproj", "{EB0FC776-62C1-49EC-888D-18987B8010C0}"
EndProject
Global
	GlobalSection(SolutionConfigurationPlatforms) = preSolution
		Debug|Any CPU = Debug|Any CPU
		Release|Any CPU = Release|Any CPU
	EndGlobalSection
	GlobalSection(ProjectConfigurationPlatforms) = postSolution
		{EB0FC776-62C1-49EC-888D-18987B8010C0}.Debug|Any CPU.ActiveCfg = Debug|Any CPU
		{EB0FC776-62C1-49EC-888D-18987B8010C0}.Debug|Any CPU.Build.0 = Debug|Any CPU
		{EB0FC776-62C1-49EC-888D-18987B8010C0}.Release|Any CPU.ActiveCfg = Release|Any CPU
		{EB0FC776-62C1-49EC-888D-18987B8010C0}.Release|Any CPU.Build.0 = Release|Any CPU
	EndGlobalSection
	GlobalSection(SolutionProperties) = preSolution
		HideSolutionNode = FALSE
	EndGlobalSection
	GlobalSection(ExtensibilityGlobals) = postSolution
		SolutionGuid = {C0C95082-9F14-4E71-9FA5-635CD9FA390E}
	EndGlobalSection
EndGlobal
